
Microsoft Visual Studio Solution File, Format Version 12.00
# Visual Studio Version 17
VisualStudioVersion = 17.6.33513.286
MinimumVisualStudioVersion = 10.0.40219.1
Project("{FAE04EC0-301F-11D3-BF4B-00C04F79EFBC}") = "DiscountService", "DiscountService.csproj", "{AA895ECD-0708-4C12-83B2-D316A7C98D2B}"
EndProject
Global
	GlobalSection(SolutionConfigurationPlatforms) = preSolution
		Debug|Any CPU = Debug|Any CPU
		Release|Any CPU = Release|Any CPU
	EndGlobalSection
	GlobalSection(ProjectConfigurationPlatforms) = postSolution
		{AA895ECD-0708-4C12-83B2-D316A7C98D2B}.Debug|Any CPU.ActiveCfg = Debug|Any CPU
		{AA895ECD-0708-4C12-83B2-D316A7C98D2B}.Debug|Any CPU.Build.0 = Debug|Any CPU
		{AA895ECD-0708-4C12-83B2-D316A7C98D2B}.Release|Any CPU.ActiveCfg = Release|Any CPU
		{AA895ECD-0708-4C12-83B2-D316A7C98D2B}.Release|Any CPU.Build.0 = Release|Any CPU
	EndGlobalSection
	GlobalSection(SolutionProperties) = preSolution
		HideSolutionNode = FALSE
	EndGlobalSection
	GlobalSection(ExtensibilityGlobals) = postSolution
		SolutionGuid = {140900CD-AB3B-4C34-8BFF-4DE48B13A816}
	EndGlobalSection
EndGlobal
